// !$*UTF8*$!
{
	archiveVersion = 1;
	classes = {
	};
	objectVersion = 46;
	objects = {

/* Begin PBXBuildFile section */
		C290208C7D3280597B891257 /* Pods_Actibetes.framework in Frameworks */ = {isa = PBXBuildFile; fileRef = 1E5AC422D2B8893FBDBB2146 /* Pods_Actibetes.framework */; };
		F79A81451C7A40F80033BFBC /* AppDelegate.swift in Sources */ = {isa = PBXBuildFile; fileRef = F79A81441C7A40F80033BFBC /* AppDelegate.swift */; };
		F79A81471C7A40F80033BFBC /* ViewController.swift in Sources */ = {isa = PBXBuildFile; fileRef = F79A81461C7A40F80033BFBC /* ViewController.swift */; };
		F79A814A1C7A40F80033BFBC /* Main.storyboard in Resources */ = {isa = PBXBuildFile; fileRef = F79A81481C7A40F80033BFBC /* Main.storyboard */; };
		F79A814C1C7A40F80033BFBC /* Assets.xcassets in Resources */ = {isa = PBXBuildFile; fileRef = F79A814B1C7A40F80033BFBC /* Assets.xcassets */; };
		F79A814F1C7A40F80033BFBC /* LaunchScreen.storyboard in Resources */ = {isa = PBXBuildFile; fileRef = F79A814D1C7A40F80033BFBC /* LaunchScreen.storyboard */; };
		F79A81631C7A506A0033BFBC /* FloatLabelTextField.swift in Sources */ = {isa = PBXBuildFile; fileRef = F79A81601C7A506A0033BFBC /* FloatLabelTextField.swift */; };
		F79A81641C7A506A0033BFBC /* CustomCells.swift in Sources */ = {isa = PBXBuildFile; fileRef = F79A81611C7A506A0033BFBC /* CustomCells.swift */; };
		F79A81651C7A506A0033BFBC /* WeekDaysCell.xib in Resources */ = {isa = PBXBuildFile; fileRef = F79A81621C7A506A0033BFBC /* WeekDaysCell.xib */; };
		F7AEF6B21C7A5D1900181DA6 /* ActibetesEntry.swift in Sources */ = {isa = PBXBuildFile; fileRef = F7AEF6AE1C7A5D1900181DA6 /* ActibetesEntry.swift */; };
		F7AEF6B31C7A5D1900181DA6 /* ActibetesEntryController.swift in Sources */ = {isa = PBXBuildFile; fileRef = F7AEF6AF1C7A5D1900181DA6 /* ActibetesEntryController.swift */; };
		F7AEF6B41C7A5D1900181DA6 /* HomeViewController.swift in Sources */ = {isa = PBXBuildFile; fileRef = F7AEF6B01C7A5D1900181DA6 /* HomeViewController.swift */; };
		F7AEF6B51C7A5D1900181DA6 /* LoginViewController.swift in Sources */ = {isa = PBXBuildFile; fileRef = F7AEF6B11C7A5D1900181DA6 /* LoginViewController.swift */; };
		F7AEF6B81C7A5E2500181DA6 /* HeaderView.swift in Sources */ = {isa = PBXBuildFile; fileRef = F7AEF6B61C7A5E2500181DA6 /* HeaderView.swift */; };
		F7AEF6B91C7A5E2500181DA6 /* UIExpandableTableView.swift in Sources */ = {isa = PBXBuildFile; fileRef = F7AEF6B71C7A5E2500181DA6 /* UIExpandableTableView.swift */; };
		F7AEF6BC1C7A5F8900181DA6 /* HistoryViewController.swift in Sources */ = {isa = PBXBuildFile; fileRef = F7AEF6BB1C7A5F8900181DA6 /* HistoryViewController.swift */; };
/* End PBXBuildFile section */

/* Begin PBXFileReference section */
		1E5AC422D2B8893FBDBB2146 /* Pods_Actibetes.framework */ = {isa = PBXFileReference; explicitFileType = wrapper.framework; includeInIndex = 0; path = Pods_Actibetes.framework; sourceTree = BUILT_PRODUCTS_DIR; };
		8856F7F001F04F7C6C0B39EC /* Pods-Actibetes.debug.xcconfig */ = {isa = PBXFileReference; includeInIndex = 1; lastKnownFileType = text.xcconfig; name = "Pods-Actibetes.debug.xcconfig"; path = "Pods/Target Support Files/Pods-Actibetes/Pods-Actibetes.debug.xcconfig"; sourceTree = "<group>"; };
		C37964F01D6A9FD21E67171C /* Pods-Actibetes.release.xcconfig */ = {isa = PBXFileReference; includeInIndex = 1; lastKnownFileType = text.xcconfig; name = "Pods-Actibetes.release.xcconfig"; path = "Pods/Target Support Files/Pods-Actibetes/Pods-Actibetes.release.xcconfig"; sourceTree = "<group>"; };
		F79A81411C7A40F80033BFBC /* Actibetes.app */ = {isa = PBXFileReference; explicitFileType = wrapper.application; includeInIndex = 0; path = Actibetes.app; sourceTree = BUILT_PRODUCTS_DIR; };
		F79A81441C7A40F80033BFBC /* AppDelegate.swift */ = {isa = PBXFileReference; lastKnownFileType = sourcecode.swift; name = AppDelegate.swift; path = Actibetes/AppDelegate.swift; sourceTree = "<group>"; };
		F79A81461C7A40F80033BFBC /* ViewController.swift */ = {isa = PBXFileReference; lastKnownFileType = sourcecode.swift; name = ViewController.swift; path = Actibetes/ViewController.swift; sourceTree = "<group>"; };
		F79A81491C7A40F80033BFBC /* Base */ = {isa = PBXFileReference; lastKnownFileType = file.storyboard; name = Base; path = Base.lproj/Main.storyboard; sourceTree = "<group>"; };
		F79A814B1C7A40F80033BFBC /* Assets.xcassets */ = {isa = PBXFileReference; lastKnownFileType = folder.assetcatalog; name = Assets.xcassets; path = Actibetes/Assets.xcassets; sourceTree = "<group>"; };
		F79A814E1C7A40F80033BFBC /* Base */ = {isa = PBXFileReference; lastKnownFileType = file.storyboard; name = Base; path = Base.lproj/LaunchScreen.storyboard; sourceTree = "<group>"; };
		F79A81501C7A40F80033BFBC /* Info.plist */ = {isa = PBXFileReference; lastKnownFileType = text.plist.xml; name = Info.plist; path = Actibetes/Info.plist; sourceTree = "<group>"; };
		F79A81601C7A506A0033BFBC /* FloatLabelTextField.swift */ = {isa = PBXFileReference; fileEncoding = 4; lastKnownFileType = sourcecode.swift; name = FloatLabelTextField.swift; path = ../Pedagochi/Pedagochi/FloatLabelTextField.swift; sourceTree = "<group>"; };
		F79A81611C7A506A0033BFBC /* CustomCells.swift */ = {isa = PBXFileReference; fileEncoding = 4; lastKnownFileType = sourcecode.swift; name = CustomCells.swift; path = ../Pedagochi/Pedagochi/CustomCells.swift; sourceTree = "<group>"; };
		F79A81621C7A506A0033BFBC /* WeekDaysCell.xib */ = {isa = PBXFileReference; fileEncoding = 4; lastKnownFileType = file.xib; name = WeekDaysCell.xib; path = ../Pedagochi/Pedagochi/WeekDaysCell.xib; sourceTree = "<group>"; };
		F7AEF6AE1C7A5D1900181DA6 /* ActibetesEntry.swift */ = {isa = PBXFileReference; fileEncoding = 4; lastKnownFileType = sourcecode.swift; name = ActibetesEntry.swift; path = Actibetes/ActibetesEntry.swift; sourceTree = "<group>"; };
		F7AEF6AF1C7A5D1900181DA6 /* ActibetesEntryController.swift */ = {isa = PBXFileReference; fileEncoding = 4; lastKnownFileType = sourcecode.swift; name = ActibetesEntryController.swift; path = Actibetes/ActibetesEntryController.swift; sourceTree = "<group>"; };
		F7AEF6B01C7A5D1900181DA6 /* HomeViewController.swift */ = {isa = PBXFileReference; fileEncoding = 4; lastKnownFileType = sourcecode.swift; name = HomeViewController.swift; path = Actibetes/HomeViewController.swift; sourceTree = "<group>"; };
		F7AEF6B11C7A5D1900181DA6 /* LoginViewController.swift */ = {isa = PBXFileReference; fileEncoding = 4; lastKnownFileType = sourcecode.swift; name = LoginViewController.swift; path = Actibetes/LoginViewController.swift; sourceTree = "<group>"; };
		F7AEF6B61C7A5E2500181DA6 /* HeaderView.swift */ = {isa = PBXFileReference; fileEncoding = 4; lastKnownFileType = sourcecode.swift; path = HeaderView.swift; sourceTree = "<group>"; };
		F7AEF6B71C7A5E2500181DA6 /* UIExpandableTableView.swift */ = {isa = PBXFileReference; fileEncoding = 4; lastKnownFileType = sourcecode.swift; path = UIExpandableTableView.swift; sourceTree = "<group>"; };
		F7AEF6BB1C7A5F8900181DA6 /* HistoryViewController.swift */ = {isa = PBXFileReference; fileEncoding = 4; lastKnownFileType = sourcecode.swift; path = HistoryViewController.swift; sourceTree = "<group>"; };
/* End PBXFileReference section */

/* Begin PBXFrameworksBuildPhase section */
		F79A813E1C7A40F80033BFBC /* Frameworks */ = {
			isa = PBXFrameworksBuildPhase;
			buildActionMask = 2147483647;
			files = (
				C290208C7D3280597B891257 /* Pods_Actibetes.framework in Frameworks */,
			);
			runOnlyForDeploymentPostprocessing = 0;
		};
/* End PBXFrameworksBuildPhase section */

/* Begin PBXGroup section */
		8CC70DC08C16DB33201914F8 /* Frameworks */ = {
			isa = PBXGroup;
			children = (
				1E5AC422D2B8893FBDBB2146 /* Pods_Actibetes.framework */,
			);
			name = Frameworks;
			sourceTree = "<group>";
		};
		C2DB0CF2595DC0D6AABE19B1 /* Pods */ = {
			isa = PBXGroup;
			children = (
				8856F7F001F04F7C6C0B39EC /* Pods-Actibetes.debug.xcconfig */,
				C37964F01D6A9FD21E67171C /* Pods-Actibetes.release.xcconfig */,
			);
			name = Pods;
			sourceTree = "<group>";
		};
		F79A81381C7A40F80033BFBC = {
			isa = PBXGroup;
			children = (
				F7AEF6AB1C7A530500181DA6 /* Actibetes */,
				F79A81421C7A40F80033BFBC /* Products */,
				C2DB0CF2595DC0D6AABE19B1 /* Pods */,
				8CC70DC08C16DB33201914F8 /* Frameworks */,
			);
			sourceTree = "<group>";
		};
		F79A81421C7A40F80033BFBC /* Products */ = {
			isa = PBXGroup;
			children = (
				F79A81411C7A40F80033BFBC /* Actibetes.app */,
			);
			name = Products;
			sourceTree = "<group>";
		};
		F7AEF6AB1C7A530500181DA6 /* Actibetes */ = {
			isa = PBXGroup;
			children = (
				F7AEF6BA1C7A5E3400181DA6 /* Expandable TableView */,
				F7AEF6AC1C7A536600181DA6 /* Custom Row and Cell */,
				F79A81441C7A40F80033BFBC /* AppDelegate.swift */,
				F79A81461C7A40F80033BFBC /* ViewController.swift */,
				F7AEF6AE1C7A5D1900181DA6 /* ActibetesEntry.swift */,
				F7AEF6AF1C7A5D1900181DA6 /* ActibetesEntryController.swift */,
				F7AEF6B01C7A5D1900181DA6 /* HomeViewController.swift */,
				F7AEF6B11C7A5D1900181DA6 /* LoginViewController.swift */,
				F79A81481C7A40F80033BFBC /* Main.storyboard */,
				F79A814B1C7A40F80033BFBC /* Assets.xcassets */,
				F79A814D1C7A40F80033BFBC /* LaunchScreen.storyboard */,
				F79A81501C7A40F80033BFBC /* Info.plist */,
			);
			name = Actibetes;
			sourceTree = "<group>";
		};
		F7AEF6AC1C7A536600181DA6 /* Custom Row and Cell */ = {
			isa = PBXGroup;
			children = (
				F79A81611C7A506A0033BFBC /* CustomCells.swift */,
				F79A81621C7A506A0033BFBC /* WeekDaysCell.xib */,
				F7AEF6AD1C7A537100181DA6 /* Helpers */,
			);
			name = "Custom Row and Cell";
			sourceTree = "<group>";
		};
		F7AEF6AD1C7A537100181DA6 /* Helpers */ = {
			isa = PBXGroup;
			children = (
				F79A81601C7A506A0033BFBC /* FloatLabelTextField.swift */,
			);
			name = Helpers;
			sourceTree = "<group>";
		};
		F7AEF6BA1C7A5E3400181DA6 /* Expandable TableView */ = {
			isa = PBXGroup;
			children = (
				F7AEF6BB1C7A5F8900181DA6 /* HistoryViewController.swift */,
				F7AEF6B61C7A5E2500181DA6 /* HeaderView.swift */,
				F7AEF6B71C7A5E2500181DA6 /* UIExpandableTableView.swift */,
			);
			name = "Expandable TableView";
			sourceTree = "<group>";
		};
/* End PBXGroup section */

/* Begin PBXNativeTarget section */
		F79A81401C7A40F80033BFBC /* Actibetes */ = {
			isa = PBXNativeTarget;
			buildConfigurationList = F79A81531C7A40F80033BFBC /* Build configuration list for PBXNativeTarget "Actibetes" */;
			buildPhases = (
				C84B32BF744EF9EFD5F99792 /* Check Pods Manifest.lock */,
				F79A813D1C7A40F80033BFBC /* Sources */,
				F79A813E1C7A40F80033BFBC /* Frameworks */,
				F79A813F1C7A40F80033BFBC /* Resources */,
				5451559473C2019F5FF6CCB0 /* Embed Pods Frameworks */,
				6976F5A5600F2F0D1EEA599D /* Copy Pods Resources */,
			);
			buildRules = (
			);
			dependencies = (
			);
			name = Actibetes;
			productName = Actibetes;
			productReference = F79A81411C7A40F80033BFBC /* Actibetes.app */;
			productType = "com.apple.product-type.application";
		};
/* End PBXNativeTarget section */

/* Begin PBXProject section */
		F79A81391C7A40F80033BFBC /* Project object */ = {
			isa = PBXProject;
			attributes = {
				LastSwiftUpdateCheck = 0720;
				LastUpgradeCheck = 0720;
				ORGANIZATIONNAME = mobilehealthcareinc;
				TargetAttributes = {
					F79A81401C7A40F80033BFBC = {
						CreatedOnToolsVersion = 7.2.1;
					};
				};
			};
			buildConfigurationList = F79A813C1C7A40F80033BFBC /* Build configuration list for PBXProject "Actibetes" */;
			compatibilityVersion = "Xcode 3.2";
			developmentRegion = English;
			hasScannedForEncodings = 0;
			knownRegions = (
				en,
				Base,
			);
			mainGroup = F79A81381C7A40F80033BFBC;
			productRefGroup = F79A81421C7A40F80033BFBC /* Products */;
			projectDirPath = "";
			projectRoot = "";
			targets = (
				F79A81401C7A40F80033BFBC /* Actibetes */,
			);
		};
/* End PBXProject section */

/* Begin PBXResourcesBuildPhase section */
		F79A813F1C7A40F80033BFBC /* Resources */ = {
			isa = PBXResourcesBuildPhase;
			buildActionMask = 2147483647;
			files = (
				F79A814F1C7A40F80033BFBC /* LaunchScreen.storyboard in Resources */,
				F79A814C1C7A40F80033BFBC /* Assets.xcassets in Resources */,
				F79A81651C7A506A0033BFBC /* WeekDaysCell.xib in Resources */,
				F79A814A1C7A40F80033BFBC /* Main.storyboard in Resources */,
			);
			runOnlyForDeploymentPostprocessing = 0;
		};
/* End PBXResourcesBuildPhase section */

/* Begin PBXShellScriptBuildPhase section */
		5451559473C2019F5FF6CCB0 /* Embed Pods Frameworks */ = {
			isa = PBXShellScriptBuildPhase;
			buildActionMask = 2147483647;
			files = (
			);
			inputPaths = (
			);
			name = "Embed Pods Frameworks";
			outputPaths = (
			);
			runOnlyForDeploymentPostprocessing = 0;
			shellPath = /bin/sh;
			shellScript = "\"${SRCROOT}/Pods/Target Support Files/Pods-Actibetes/Pods-Actibetes-frameworks.sh\"\n";
			showEnvVarsInLog = 0;
		};
		6976F5A5600F2F0D1EEA599D /* Copy Pods Resources */ = {
			isa = PBXShellScriptBuildPhase;
			buildActionMask = 2147483647;
			files = (
			);
			inputPaths = (
			);
			name = "Copy Pods Resources";
			outputPaths = (
			);
			runOnlyForDeploymentPostprocessing = 0;
			shellPath = /bin/sh;
			shellScript = "\"${SRCROOT}/Pods/Target Support Files/Pods-Actibetes/Pods-Actibetes-resources.sh\"\n";
			showEnvVarsInLog = 0;
		};
		C84B32BF744EF9EFD5F99792 /* Check Pods Manifest.lock */ = {
			isa = PBXShellScriptBuildPhase;
			buildActionMask = 2147483647;
			files = (
			);
			inputPaths = (
			);
			name = "Check Pods Manifest.lock";
			outputPaths = (
			);
			runOnlyForDeploymentPostprocessing = 0;
			shellPath = /bin/sh;
			shellScript = "diff \"${PODS_ROOT}/../Podfile.lock\" \"${PODS_ROOT}/Manifest.lock\" > /dev/null\nif [[ $? != 0 ]] ; then\n    cat << EOM\nerror: The sandbox is not in sync with the Podfile.lock. Run 'pod install' or update your CocoaPods installation.\nEOM\n    exit 1\nfi\n";
			showEnvVarsInLog = 0;
		};
/* End PBXShellScriptBuildPhase section */

/* Begin PBXSourcesBuildPhase section */
		F79A813D1C7A40F80033BFBC /* Sources */ = {
			isa = PBXSourcesBuildPhase;
			buildActionMask = 2147483647;
			files = (
				F79A81631C7A506A0033BFBC /* FloatLabelTextField.swift in Sources */,
				F7AEF6B81C7A5E2500181DA6 /* HeaderView.swift in Sources */,
				F7AEF6B31C7A5D1900181DA6 /* ActibetesEntryController.swift in Sources */,
				F79A81471C7A40F80033BFBC /* ViewController.swift in Sources */,
				F79A81451C7A40F80033BFBC /* AppDelegate.swift in Sources */,
				F7AEF6BC1C7A5F8900181DA6 /* HistoryViewController.swift in Sources */,
				F7AEF6B51C7A5D1900181DA6 /* LoginViewController.swift in Sources */,
				F7AEF6B21C7A5D1900181DA6 /* ActibetesEntry.swift in Sources */,
				F7AEF6B91C7A5E2500181DA6 /* UIExpandableTableView.swift in Sources */,
				F7AEF6B41C7A5D1900181DA6 /* HomeViewController.swift in Sources */,
				F79A81641C7A506A0033BFBC /* CustomCells.swift in Sources */,
			);
			runOnlyForDeploymentPostprocessing = 0;
		};
/* End PBXSourcesBuildPhase section */

/* Begin PBXVariantGroup section */
		F79A81481C7A40F80033BFBC /* Main.storyboard */ = {
			isa = PBXVariantGroup;
			children = (
				F79A81491C7A40F80033BFBC /* Base */,
			);
			name = Main.storyboard;
			path = Actibetes;
			sourceTree = "<group>";
		};
		F79A814D1C7A40F80033BFBC /* LaunchScreen.storyboard */ = {
			isa = PBXVariantGroup;
			children = (
				F79A814E1C7A40F80033BFBC /* Base */,
			);
			name = LaunchScreen.storyboard;
			path = Actibetes;
			sourceTree = "<group>";
		};
/* End PBXVariantGroup section */

/* Begin XCBuildConfiguration section */
		F79A81511C7A40F80033BFBC /* Debug */ = {
			isa = XCBuildConfiguration;
			buildSettings = {
				ALWAYS_SEARCH_USER_PATHS = NO;
				CLANG_CXX_LANGUAGE_STANDARD = "gnu++0x";
				CLANG_CXX_LIBRARY = "libc++";
				CLANG_ENABLE_MODULES = YES;
				CLANG_ENABLE_OBJC_ARC = YES;
				CLANG_WARN_BOOL_CONVERSION = YES;
				CLANG_WARN_CONSTANT_CONVERSION = YES;
				CLANG_WARN_DIRECT_OBJC_ISA_USAGE = YES_ERROR;
				CLANG_WARN_EMPTY_BODY = YES;
				CLANG_WARN_ENUM_CONVERSION = YES;
				CLANG_WARN_INT_CONVERSION = YES;
				CLANG_WARN_OBJC_ROOT_CLASS = YES_ERROR;
				CLANG_WARN_UNREACHABLE_CODE = YES;
				CLANG_WARN__DUPLICATE_METHOD_MATCH = YES;
				"CODE_SIGN_IDENTITY[sdk=iphoneos*]" = "iPhone Developer";
				COPY_PHASE_STRIP = NO;
				DEBUG_INFORMATION_FORMAT = dwarf;
				ENABLE_STRICT_OBJC_MSGSEND = YES;
				ENABLE_TESTABILITY = YES;
				GCC_C_LANGUAGE_STANDARD = gnu99;
				GCC_DYNAMIC_NO_PIC = NO;
				GCC_NO_COMMON_BLOCKS = YES;
				GCC_OPTIMIZATION_LEVEL = 0;
				GCC_PREPROCESSOR_DEFINITIONS = (
					"DEBUG=1",
					"$(inherited)",
				);
				GCC_WARN_64_TO_32_BIT_CONVERSION = YES;
				GCC_WARN_ABOUT_RETURN_TYPE = YES_ERROR;
				GCC_WARN_UNDECLARED_SELECTOR = YES;
				GCC_WARN_UNINITIALIZED_AUTOS = YES_AGGRESSIVE;
				GCC_WARN_UNUSED_FUNCTION = YES;
				GCC_WARN_UNUSED_VARIABLE = YES;
				IPHONEOS_DEPLOYMENT_TARGET = 9.2;
				MTL_ENABLE_DEBUG_INFO = YES;
				ONLY_ACTIVE_ARCH = YES;
				SDKROOT = iphoneos;
				SWIFT_OPTIMIZATION_LEVEL = "-Onone";
				TARGETED_DEVICE_FAMILY = "1,2";
			};
			name = Debug;
		};
		F79A81521C7A40F80033BFBC /* Release */ = {
			isa = XCBuildConfiguration;
			buildSettings = {
				ALWAYS_SEARCH_USER_PATHS = NO;
				CLANG_CXX_LANGUAGE_STANDARD = "gnu++0x";
				CLANG_CXX_LIBRARY = "libc++";
				CLANG_ENABLE_MODULES = YES;
				CLANG_ENABLE_OBJC_ARC = YES;
				CLANG_WARN_BOOL_CONVERSION = YES;
				CLANG_WARN_CONSTANT_CONVERSION = YES;
				CLANG_WARN_DIRECT_OBJC_ISA_USAGE = YES_ERROR;
				CLANG_WARN_EMPTY_BODY = YES;
				CLANG_WARN_ENUM_CONVERSION = YES;
				CLANG_WARN_INT_CONVERSION = YES;
				CLANG_WARN_OBJC_ROOT_CLASS = YES_ERROR;
				CLANG_WARN_UNREACHABLE_CODE = YES;
				CLANG_WARN__DUPLICATE_METHOD_MATCH = YES;
				"CODE_SIGN_IDENTITY[sdk=iphoneos*]" = "iPhone Developer";
				COPY_PHASE_STRIP = NO;
				DEBUG_INFORMATION_FORMAT = "dwarf-with-dsym";
				ENABLE_NS_ASSERTIONS = NO;
				ENABLE_STRICT_OBJC_MSGSEND = YES;
				GCC_C_LANGUAGE_STANDARD = gnu99;
				GCC_NO_COMMON_BLOCKS = YES;
				GCC_WARN_64_TO_32_BIT_CONVERSION = YES;
				GCC_WARN_ABOUT_RETURN_TYPE = YES_ERROR;
				GCC_WARN_UNDECLARED_SELECTOR = YES;
				GCC_WARN_UNINITIALIZED_AUTOS = YES_AGGRESSIVE;
				GCC_WARN_UNUSED_FUNCTION = YES;
				GCC_WARN_UNUSED_VARIABLE = YES;
				IPHONEOS_DEPLOYMENT_TARGET = 9.2;
				MTL_ENABLE_DEBUG_INFO = NO;
				SDKROOT = iphoneos;
				TARGETED_DEVICE_FAMILY = "1,2";
				VALIDATE_PRODUCT = YES;
			};
			name = Release;
		};
		F79A81541C7A40F80033BFBC /* Debug */ = {
			isa = XCBuildConfiguration;
			baseConfigurationReference = 8856F7F001F04F7C6C0B39EC /* Pods-Actibetes.debug.xcconfig */;
			buildSettings = {
				ASSETCATALOG_COMPILER_APPICON_NAME = AppIcon;
				INFOPLIST_FILE = Actibetes/Info.plist;
				LD_RUNPATH_SEARCH_PATHS = "$(inherited) @executable_path/Frameworks";
				PRODUCT_BUNDLE_IDENTIFIER = "com.-mobilehealthcareinc.Actibetes";
				PRODUCT_NAME = "$(TARGET_NAME)";
			};
			name = Debug;
		};
		F79A81551C7A40F80033BFBC /* Release */ = {
			isa = XCBuildConfiguration;
			baseConfigurationReference = C37964F01D6A9FD21E67171C /* Pods-Actibetes.release.xcconfig */;
			buildSettings = {
				ASSETCATALOG_COMPILER_APPICON_NAME = AppIcon;
				INFOPLIST_FILE = Actibetes/Info.plist;
				LD_RUNPATH_SEARCH_PATHS = "$(inherited) @executable_path/Frameworks";
				PRODUCT_BUNDLE_IDENTIFIER = "com.-mobilehealthcareinc.Actibetes";
				PRODUCT_NAME = "$(TARGET_NAME)";
			};
			name = Release;
		};
/* End XCBuildConfiguration section */

/* Begin XCConfigurationList section */
		F79A813C1C7A40F80033BFBC /* Build configuration list for PBXProject "Actibetes" */ = {
			isa = XCConfigurationList;
			buildConfigurations = (
				F79A81511C7A40F80033BFBC /* Debug */,
				F79A81521C7A40F80033BFBC /* Release */,
			);
			defaultConfigurationIsVisible = 0;
			defaultConfigurationName = Release;
		};
		F79A81531C7A40F80033BFBC /* Build configuration list for PBXNativeTarget "Actibetes" */ = {
			isa = XCConfigurationList;
			buildConfigurations = (
				F79A81541C7A40F80033BFBC /* Debug */,
				F79A81551C7A40F80033BFBC /* Release */,
			);
			defaultConfigurationIsVisible = 0;
			defaultConfigurationName = Release;
		};
/* End XCConfigurationList section */
	};
	rootObject = F79A81391C7A40F80033BFBC /* Project object */;
}
