// !$*UTF8*$!
{
	archiveVersion = 1;
	classes = {
	};
	objectVersion = 46;
	objects = {

/* Begin PBXBuildFile section */
		AF2DDAEF1C84F84400985A0F /* SWRevealViewController.m in Sources */ = {isa = PBXBuildFile; fileRef = AF2DDAEE1C84F84400985A0F /* SWRevealViewController.m */; };
		AF59858A1C91A5E800307648 /* CoreLocation.framework in Frameworks */ = {isa = PBXBuildFile; fileRef = AF5985891C91A5E800307648 /* CoreLocation.framework */; };
		AF59858C1C91A5F100307648 /* CoreMotion.framework in Frameworks */ = {isa = PBXBuildFile; fileRef = AF59858B1C91A5F100307648 /* CoreMotion.framework */; };
		AF59858E1C91A5FD00307648 /* Foundation.framework in Frameworks */ = {isa = PBXBuildFile; fileRef = AF59858D1C91A5FD00307648 /* Foundation.framework */; };
		AF5985901C91A60900307648 /* CoreGraphics.framework in Frameworks */ = {isa = PBXBuildFile; fileRef = AF59858F1C91A60900307648 /* CoreGraphics.framework */; };
		AF5985A61C91E0EB00307648 /* SOLocationManager.m in Sources */ = {isa = PBXBuildFile; fileRef = AF5985A11C91E0EB00307648 /* SOLocationManager.m */; };
		AF5985A71C91E0EB00307648 /* SOMotionDetector.m in Sources */ = {isa = PBXBuildFile; fileRef = AF5985A31C91E0EB00307648 /* SOMotionDetector.m */; };
		AF5985A81C91E0EB00307648 /* SOStepDetector.m in Sources */ = {isa = PBXBuildFile; fileRef = AF5985A51C91E0EB00307648 /* SOStepDetector.m */; };
		AF5985AA1C9333AD00307648 /* User.swift in Sources */ = {isa = PBXBuildFile; fileRef = AF5985A91C9333AD00307648 /* User.swift */; };
		AF5985AC1C9351AD00307648 /* METCalculator.swift in Sources */ = {isa = PBXBuildFile; fileRef = AF5985AB1C9351AD00307648 /* METCalculator.swift */; };
		AF5985AE1C93590700307648 /* CalorieCalculator.swift in Sources */ = {isa = PBXBuildFile; fileRef = AF5985AD1C93590700307648 /* CalorieCalculator.swift */; };
		AF5985B21C94A70700307648 /* MenuTableViewController.swift in Sources */ = {isa = PBXBuildFile; fileRef = AF5985B11C94A70700307648 /* MenuTableViewController.swift */; };
		AF9B4ACE1C85E93D00A570B3 /* HistoryViewController.swift in Sources */ = {isa = PBXBuildFile; fileRef = AF9B4ACD1C85E93D00A570B3 /* HistoryViewController.swift */; };
		AF9B4AD01C865C1400A570B3 /* GoingForRunViewController.swift in Sources */ = {isa = PBXBuildFile; fileRef = AF9B4ACF1C865C1400A570B3 /* GoingForRunViewController.swift */; };
		AF9B4AD41C876AA300A570B3 /* Constants.swift in Sources */ = {isa = PBXBuildFile; fileRef = AF9B4AD31C876AA300A570B3 /* Constants.swift */; };
		AF9B4AD61C876ABA00A570B3 /* FirebaseDataService.swift in Sources */ = {isa = PBXBuildFile; fileRef = AF9B4AD51C876ABA00A570B3 /* FirebaseDataService.swift */; };
		AF9B4AD81C8CD7AD00A570B3 /* CustomTableViewCell.swift in Sources */ = {isa = PBXBuildFile; fileRef = AF9B4AD71C8CD7AD00A570B3 /* CustomTableViewCell.swift */; };
		AF9B4ADA1C8F3ED100A570B3 /* TelerikUI.framework in Frameworks */ = {isa = PBXBuildFile; fileRef = AF9B4AD91C8F3ED100A570B3 /* TelerikUI.framework */; };
		AF9B4AE31C8F463200A570B3 /* DashboardViewController.swift in Sources */ = {isa = PBXBuildFile; fileRef = AF9B4AE21C8F463200A570B3 /* DashboardViewController.swift */; };
		AFF873CE1C8F7DD80003BFAC /* LMGaugeView.m in Sources */ = {isa = PBXBuildFile; fileRef = AFF873C51C8F7DD80003BFAC /* LMGaugeView.m */; };
		AFF873CF1C8F7DD80003BFAC /* Info.plist in Resources */ = {isa = PBXBuildFile; fileRef = AFF873C61C8F7DD80003BFAC /* Info.plist */; };
		AFF873D11C8F7DD80003BFAC /* LMGaugeView-dummy.m in Sources */ = {isa = PBXBuildFile; fileRef = AFF873C91C8F7DD80003BFAC /* LMGaugeView-dummy.m */; };
		C290208C7D3280597B891257 /* Pods_Actibetes.framework in Frameworks */ = {isa = PBXBuildFile; fileRef = 1E5AC422D2B8893FBDBB2146 /* Pods_Actibetes.framework */; };
		F79823CE1C7B6F25004A41C5 /* ActibetesTableViewController.swift in Sources */ = {isa = PBXBuildFile; fileRef = F79823CD1C7B6F25004A41C5 /* ActibetesTableViewController.swift */; };
		F79A81451C7A40F80033BFBC /* AppDelegate.swift in Sources */ = {isa = PBXBuildFile; fileRef = F79A81441C7A40F80033BFBC /* AppDelegate.swift */; };
		F79A814A1C7A40F80033BFBC /* Main.storyboard in Resources */ = {isa = PBXBuildFile; fileRef = F79A81481C7A40F80033BFBC /* Main.storyboard */; };
		F79A814C1C7A40F80033BFBC /* Assets.xcassets in Resources */ = {isa = PBXBuildFile; fileRef = F79A814B1C7A40F80033BFBC /* Assets.xcassets */; };
		F79A814F1C7A40F80033BFBC /* LaunchScreen.storyboard in Resources */ = {isa = PBXBuildFile; fileRef = F79A814D1C7A40F80033BFBC /* LaunchScreen.storyboard */; };
		F7AEF6B21C7A5D1900181DA6 /* ActibetesEntry.swift in Sources */ = {isa = PBXBuildFile; fileRef = F7AEF6AE1C7A5D1900181DA6 /* ActibetesEntry.swift */; };
		F7AEF6B41C7A5D1900181DA6 /* HomeViewController.swift in Sources */ = {isa = PBXBuildFile; fileRef = F7AEF6B01C7A5D1900181DA6 /* HomeViewController.swift */; };
		F7AEF6B51C7A5D1900181DA6 /* LoginViewController.swift in Sources */ = {isa = PBXBuildFile; fileRef = F7AEF6B11C7A5D1900181DA6 /* LoginViewController.swift */; };
/* End PBXBuildFile section */

/* Begin PBXFileReference section */
		1E5AC422D2B8893FBDBB2146 /* Pods_Actibetes.framework */ = {isa = PBXFileReference; explicitFileType = wrapper.framework; includeInIndex = 0; path = Pods_Actibetes.framework; sourceTree = BUILT_PRODUCTS_DIR; };
		8856F7F001F04F7C6C0B39EC /* Pods-Actibetes.debug.xcconfig */ = {isa = PBXFileReference; includeInIndex = 1; lastKnownFileType = text.xcconfig; name = "Pods-Actibetes.debug.xcconfig"; path = "Pods/Target Support Files/Pods-Actibetes/Pods-Actibetes.debug.xcconfig"; sourceTree = "<group>"; };
		AF2DDAEC1C84F84300985A0F /* Actibetes-Bridging-Header.h */ = {isa = PBXFileReference; lastKnownFileType = sourcecode.c.h; path = "Actibetes-Bridging-Header.h"; sourceTree = "<group>"; };
		AF2DDAED1C84F84400985A0F /* SWRevealViewController.h */ = {isa = PBXFileReference; fileEncoding = 4; lastKnownFileType = sourcecode.c.h; path = SWRevealViewController.h; sourceTree = "<group>"; };
		AF2DDAEE1C84F84400985A0F /* SWRevealViewController.m */ = {isa = PBXFileReference; fileEncoding = 4; lastKnownFileType = sourcecode.c.objc; path = SWRevealViewController.m; sourceTree = "<group>"; };
		AF5985891C91A5E800307648 /* CoreLocation.framework */ = {isa = PBXFileReference; lastKnownFileType = wrapper.framework; name = CoreLocation.framework; path = System/Library/Frameworks/CoreLocation.framework; sourceTree = SDKROOT; };
		AF59858B1C91A5F100307648 /* CoreMotion.framework */ = {isa = PBXFileReference; lastKnownFileType = wrapper.framework; name = CoreMotion.framework; path = System/Library/Frameworks/CoreMotion.framework; sourceTree = SDKROOT; };
		AF59858D1C91A5FD00307648 /* Foundation.framework */ = {isa = PBXFileReference; lastKnownFileType = wrapper.framework; name = Foundation.framework; path = System/Library/Frameworks/Foundation.framework; sourceTree = SDKROOT; };
		AF59858F1C91A60900307648 /* CoreGraphics.framework */ = {isa = PBXFileReference; lastKnownFileType = wrapper.framework; name = CoreGraphics.framework; path = System/Library/Frameworks/CoreGraphics.framework; sourceTree = SDKROOT; };
		AF5985A01C91E0EB00307648 /* SOLocationManager.h */ = {isa = PBXFileReference; fileEncoding = 4; lastKnownFileType = sourcecode.c.h; path = SOLocationManager.h; sourceTree = "<group>"; };
		AF5985A11C91E0EB00307648 /* SOLocationManager.m */ = {isa = PBXFileReference; fileEncoding = 4; lastKnownFileType = sourcecode.c.objc; path = SOLocationManager.m; sourceTree = "<group>"; };
		AF5985A21C91E0EB00307648 /* SOMotionDetector.h */ = {isa = PBXFileReference; fileEncoding = 4; lastKnownFileType = sourcecode.c.h; path = SOMotionDetector.h; sourceTree = "<group>"; };
		AF5985A31C91E0EB00307648 /* SOMotionDetector.m */ = {isa = PBXFileReference; fileEncoding = 4; lastKnownFileType = sourcecode.c.objc; path = SOMotionDetector.m; sourceTree = "<group>"; };
		AF5985A41C91E0EB00307648 /* SOStepDetector.h */ = {isa = PBXFileReference; fileEncoding = 4; lastKnownFileType = sourcecode.c.h; path = SOStepDetector.h; sourceTree = "<group>"; };
		AF5985A51C91E0EB00307648 /* SOStepDetector.m */ = {isa = PBXFileReference; fileEncoding = 4; lastKnownFileType = sourcecode.c.objc; path = SOStepDetector.m; sourceTree = "<group>"; };
		AF5985A91C9333AD00307648 /* User.swift */ = {isa = PBXFileReference; fileEncoding = 4; lastKnownFileType = sourcecode.swift; path = User.swift; sourceTree = "<group>"; };
		AF5985AB1C9351AD00307648 /* METCalculator.swift */ = {isa = PBXFileReference; fileEncoding = 4; lastKnownFileType = sourcecode.swift; path = METCalculator.swift; sourceTree = "<group>"; };
		AF5985AD1C93590700307648 /* CalorieCalculator.swift */ = {isa = PBXFileReference; fileEncoding = 4; lastKnownFileType = sourcecode.swift; path = CalorieCalculator.swift; sourceTree = "<group>"; };
		AF5985B11C94A70700307648 /* MenuTableViewController.swift */ = {isa = PBXFileReference; fileEncoding = 4; lastKnownFileType = sourcecode.swift; path = MenuTableViewController.swift; sourceTree = "<group>"; };
		AF9B4ACD1C85E93D00A570B3 /* HistoryViewController.swift */ = {isa = PBXFileReference; fileEncoding = 4; lastKnownFileType = sourcecode.swift; path = HistoryViewController.swift; sourceTree = "<group>"; };
		AF9B4ACF1C865C1400A570B3 /* GoingForRunViewController.swift */ = {isa = PBXFileReference; fileEncoding = 4; lastKnownFileType = sourcecode.swift; path = GoingForRunViewController.swift; sourceTree = "<group>"; };
		AF9B4AD31C876AA300A570B3 /* Constants.swift */ = {isa = PBXFileReference; fileEncoding = 4; lastKnownFileType = sourcecode.swift; path = Constants.swift; sourceTree = "<group>"; };
		AF9B4AD51C876ABA00A570B3 /* FirebaseDataService.swift */ = {isa = PBXFileReference; fileEncoding = 4; lastKnownFileType = sourcecode.swift; path = FirebaseDataService.swift; sourceTree = "<group>"; };
		AF9B4AD71C8CD7AD00A570B3 /* CustomTableViewCell.swift */ = {isa = PBXFileReference; fileEncoding = 4; lastKnownFileType = sourcecode.swift; path = CustomTableViewCell.swift; sourceTree = "<group>"; };
		AF9B4AD91C8F3ED100A570B3 /* TelerikUI.framework */ = {isa = PBXFileReference; lastKnownFileType = wrapper.framework; name = TelerikUI.framework; path = Library/Frameworks/TelerikUI.framework; sourceTree = DEVELOPER_DIR; };
		AF9B4AE21C8F463200A570B3 /* DashboardViewController.swift */ = {isa = PBXFileReference; fileEncoding = 4; lastKnownFileType = sourcecode.swift; path = DashboardViewController.swift; sourceTree = "<group>"; };
		AFF873C41C8F7DD80003BFAC /* LMGaugeView.h */ = {isa = PBXFileReference; fileEncoding = 4; lastKnownFileType = sourcecode.c.h; name = LMGaugeView.h; path = LMGaugeView/LMGaugeView.h; sourceTree = "<group>"; };
		AFF873C51C8F7DD80003BFAC /* LMGaugeView.m */ = {isa = PBXFileReference; fileEncoding = 4; lastKnownFileType = sourcecode.c.objc; name = LMGaugeView.m; path = LMGaugeView/LMGaugeView.m; sourceTree = "<group>"; };
		AFF873C61C8F7DD80003BFAC /* Info.plist */ = {isa = PBXFileReference; fileEncoding = 4; lastKnownFileType = text.plist.xml; path = Info.plist; sourceTree = "<group>"; };
		AFF873C71C8F7DD80003BFAC /* LMGaugeView.modulemap */ = {isa = PBXFileReference; fileEncoding = 4; lastKnownFileType = "sourcecode.module-map"; path = LMGaugeView.modulemap; sourceTree = "<group>"; };
		AFF873C81C8F7DD80003BFAC /* LMGaugeView.xcconfig */ = {isa = PBXFileReference; fileEncoding = 4; lastKnownFileType = text.xcconfig; path = LMGaugeView.xcconfig; sourceTree = "<group>"; };
		AFF873C91C8F7DD80003BFAC /* LMGaugeView-dummy.m */ = {isa = PBXFileReference; fileEncoding = 4; lastKnownFileType = sourcecode.c.objc; path = "LMGaugeView-dummy.m"; sourceTree = "<group>"; };
		AFF873CA1C8F7DD80003BFAC /* LMGaugeView-prefix.pch */ = {isa = PBXFileReference; fileEncoding = 4; lastKnownFileType = sourcecode.c.h; path = "LMGaugeView-prefix.pch"; sourceTree = "<group>"; };
		AFF873CB1C8F7DD80003BFAC /* LMGaugeView-umbrella.h */ = {isa = PBXFileReference; fileEncoding = 4; lastKnownFileType = sourcecode.c.h; path = "LMGaugeView-umbrella.h"; sourceTree = "<group>"; };
		C37964F01D6A9FD21E67171C /* Pods-Actibetes.release.xcconfig */ = {isa = PBXFileReference; includeInIndex = 1; lastKnownFileType = text.xcconfig; name = "Pods-Actibetes.release.xcconfig"; path = "Pods/Target Support Files/Pods-Actibetes/Pods-Actibetes.release.xcconfig"; sourceTree = "<group>"; };
		F79823CD1C7B6F25004A41C5 /* ActibetesTableViewController.swift */ = {isa = PBXFileReference; fileEncoding = 4; lastKnownFileType = sourcecode.swift; path = ActibetesTableViewController.swift; sourceTree = "<group>"; };
		F79A81411C7A40F80033BFBC /* Actibetes.app */ = {isa = PBXFileReference; explicitFileType = wrapper.application; includeInIndex = 0; path = Actibetes.app; sourceTree = BUILT_PRODUCTS_DIR; };
		F79A81441C7A40F80033BFBC /* AppDelegate.swift */ = {isa = PBXFileReference; lastKnownFileType = sourcecode.swift; name = AppDelegate.swift; path = Actibetes/AppDelegate.swift; sourceTree = "<group>"; };
		F79A81491C7A40F80033BFBC /* Base */ = {isa = PBXFileReference; lastKnownFileType = file.storyboard; name = Base; path = Base.lproj/Main.storyboard; sourceTree = "<group>"; };
		F79A814B1C7A40F80033BFBC /* Assets.xcassets */ = {isa = PBXFileReference; lastKnownFileType = folder.assetcatalog; name = Assets.xcassets; path = Actibetes/Assets.xcassets; sourceTree = "<group>"; };
		F79A814E1C7A40F80033BFBC /* Base */ = {isa = PBXFileReference; lastKnownFileType = file.storyboard; name = Base; path = Base.lproj/LaunchScreen.storyboard; sourceTree = "<group>"; };
		F79A81501C7A40F80033BFBC /* Info.plist */ = {isa = PBXFileReference; lastKnownFileType = text.plist.xml; name = Info.plist; path = Actibetes/Info.plist; sourceTree = "<group>"; };
		F7AEF6AE1C7A5D1900181DA6 /* ActibetesEntry.swift */ = {isa = PBXFileReference; fileEncoding = 4; lastKnownFileType = sourcecode.swift; name = ActibetesEntry.swift; path = Actibetes/ActibetesEntry.swift; sourceTree = "<group>"; };
		F7AEF6B01C7A5D1900181DA6 /* HomeViewController.swift */ = {isa = PBXFileReference; fileEncoding = 4; lastKnownFileType = sourcecode.swift; name = HomeViewController.swift; path = Actibetes/HomeViewController.swift; sourceTree = "<group>"; };
		F7AEF6B11C7A5D1900181DA6 /* LoginViewController.swift */ = {isa = PBXFileReference; fileEncoding = 4; lastKnownFileType = sourcecode.swift; name = LoginViewController.swift; path = Actibetes/LoginViewController.swift; sourceTree = "<group>"; };
/* End PBXFileReference section */

/* Begin PBXFrameworksBuildPhase section */
		F79A813E1C7A40F80033BFBC /* Frameworks */ = {
			isa = PBXFrameworksBuildPhase;
			buildActionMask = 2147483647;
			files = (
				AF5985901C91A60900307648 /* CoreGraphics.framework in Frameworks */,
				AF59858E1C91A5FD00307648 /* Foundation.framework in Frameworks */,
				AF59858C1C91A5F100307648 /* CoreMotion.framework in Frameworks */,
				AF59858A1C91A5E800307648 /* CoreLocation.framework in Frameworks */,
				AF9B4ADA1C8F3ED100A570B3 /* TelerikUI.framework in Frameworks */,
				C290208C7D3280597B891257 /* Pods_Actibetes.framework in Frameworks */,
			);
			runOnlyForDeploymentPostprocessing = 0;
		};
/* End PBXFrameworksBuildPhase section */

/* Begin PBXGroup section */
		8CC70DC08C16DB33201914F8 /* Frameworks */ = {
			isa = PBXGroup;
			children = (
				AF59858F1C91A60900307648 /* CoreGraphics.framework */,
				AF59858D1C91A5FD00307648 /* Foundation.framework */,
				AF59858B1C91A5F100307648 /* CoreMotion.framework */,
				AF5985891C91A5E800307648 /* CoreLocation.framework */,
				AF9B4AD91C8F3ED100A570B3 /* TelerikUI.framework */,
				1E5AC422D2B8893FBDBB2146 /* Pods_Actibetes.framework */,
			);
			name = Frameworks;
			sourceTree = "<group>";
		};
		AF2DDAEB1C84F81D00985A0F /* SWRevealViewController */ = {
			isa = PBXGroup;
			children = (
				AF2DDAED1C84F84400985A0F /* SWRevealViewController.h */,
				AF2DDAEE1C84F84400985A0F /* SWRevealViewController.m */,
			);
			name = SWRevealViewController;
			sourceTree = "<group>";
		};
		AF59859F1C91E0EB00307648 /* SOMotionDetector */ = {
			isa = PBXGroup;
			children = (
				AF5985A01C91E0EB00307648 /* SOLocationManager.h */,
				AF5985A11C91E0EB00307648 /* SOLocationManager.m */,
				AF5985A21C91E0EB00307648 /* SOMotionDetector.h */,
				AF5985A31C91E0EB00307648 /* SOMotionDetector.m */,
				AF5985A41C91E0EB00307648 /* SOStepDetector.h */,
				AF5985A51C91E0EB00307648 /* SOStepDetector.m */,
			);
			path = SOMotionDetector;
			sourceTree = "<group>";
		};
		AFF873CC1C8F7DD80003BFAC /* Support Files */ = {
			isa = PBXGroup;
			children = (
				AFF873C61C8F7DD80003BFAC /* Info.plist */,
				AFF873C71C8F7DD80003BFAC /* LMGaugeView.modulemap */,
				AFF873C81C8F7DD80003BFAC /* LMGaugeView.xcconfig */,
				AFF873C91C8F7DD80003BFAC /* LMGaugeView-dummy.m */,
				AFF873CA1C8F7DD80003BFAC /* LMGaugeView-prefix.pch */,
				AFF873CB1C8F7DD80003BFAC /* LMGaugeView-umbrella.h */,
			);
			name = "Support Files";
			path = "../Target Support Files/LMGaugeView";
			sourceTree = "<group>";
		};
		AFF873CD1C8F7DD80003BFAC /* LMGaugeView */ = {
			isa = PBXGroup;
			children = (
				AFF873C41C8F7DD80003BFAC /* LMGaugeView.h */,
				AFF873C51C8F7DD80003BFAC /* LMGaugeView.m */,
				AFF873CC1C8F7DD80003BFAC /* Support Files */,
			);
			name = LMGaugeView;
			path = Pods/LMGaugeView;
			sourceTree = "<group>";
		};
		C2DB0CF2595DC0D6AABE19B1 /* Pods */ = {
			isa = PBXGroup;
			children = (
				8856F7F001F04F7C6C0B39EC /* Pods-Actibetes.debug.xcconfig */,
				C37964F01D6A9FD21E67171C /* Pods-Actibetes.release.xcconfig */,
			);
			name = Pods;
			sourceTree = "<group>";
		};
		F79A81381C7A40F80033BFBC = {
			isa = PBXGroup;
			children = (
				F7AEF6AB1C7A530500181DA6 /* Actibetes */,
				F79A81421C7A40F80033BFBC /* Products */,
				C2DB0CF2595DC0D6AABE19B1 /* Pods */,
				8CC70DC08C16DB33201914F8 /* Frameworks */,
			);
			sourceTree = "<group>";
		};
		F79A81421C7A40F80033BFBC /* Products */ = {
			isa = PBXGroup;
			children = (
				F79A81411C7A40F80033BFBC /* Actibetes.app */,
			);
			name = Products;
			sourceTree = "<group>";
		};
		F7AEF6AB1C7A530500181DA6 /* Actibetes */ = {
			isa = PBXGroup;
			children = (
				AF59859F1C91E0EB00307648 /* SOMotionDetector */,
				AF2DDAEC1C84F84300985A0F /* Actibetes-Bridging-Header.h */,
				AFF873CD1C8F7DD80003BFAC /* LMGaugeView */,
				AF2DDAEB1C84F81D00985A0F /* SWRevealViewController */,
				F79A81441C7A40F80033BFBC /* AppDelegate.swift */,
				F7AEF6AE1C7A5D1900181DA6 /* ActibetesEntry.swift */,
				F7AEF6B01C7A5D1900181DA6 /* HomeViewController.swift */,
				F7AEF6B11C7A5D1900181DA6 /* LoginViewController.swift */,
				F79A81481C7A40F80033BFBC /* Main.storyboard */,
				F79A814B1C7A40F80033BFBC /* Assets.xcassets */,
				F79A814D1C7A40F80033BFBC /* LaunchScreen.storyboard */,
				F79A81501C7A40F80033BFBC /* Info.plist */,
				F79823CD1C7B6F25004A41C5 /* ActibetesTableViewController.swift */,
				AF9B4ACD1C85E93D00A570B3 /* HistoryViewController.swift */,
				AF9B4ACF1C865C1400A570B3 /* GoingForRunViewController.swift */,
				AF9B4AD31C876AA300A570B3 /* Constants.swift */,
				AF9B4AD51C876ABA00A570B3 /* FirebaseDataService.swift */,
				AF9B4AD71C8CD7AD00A570B3 /* CustomTableViewCell.swift */,
				AF9B4AE21C8F463200A570B3 /* DashboardViewController.swift */,
				AF5985A91C9333AD00307648 /* User.swift */,
				AF5985AB1C9351AD00307648 /* METCalculator.swift */,
				AF5985AD1C93590700307648 /* CalorieCalculator.swift */,
				AF5985B11C94A70700307648 /* MenuTableViewController.swift */,
			);
			name = Actibetes;
			sourceTree = "<group>";
		};
/* End PBXGroup section */

/* Begin PBXNativeTarget section */
		F79A81401C7A40F80033BFBC /* Actibetes */ = {
			isa = PBXNativeTarget;
			buildConfigurationList = F79A81531C7A40F80033BFBC /* Build configuration list for PBXNativeTarget "Actibetes" */;
			buildPhases = (
				C84B32BF744EF9EFD5F99792 /* Check Pods Manifest.lock */,
				F79A813D1C7A40F80033BFBC /* Sources */,
				F79A813E1C7A40F80033BFBC /* Frameworks */,
				F79A813F1C7A40F80033BFBC /* Resources */,
				5451559473C2019F5FF6CCB0 /* Embed Pods Frameworks */,
				6976F5A5600F2F0D1EEA599D /* Copy Pods Resources */,
			);
			buildRules = (
			);
			dependencies = (
			);
			name = Actibetes;
			productName = Actibetes;
			productReference = F79A81411C7A40F80033BFBC /* Actibetes.app */;
			productType = "com.apple.product-type.application";
		};
/* End PBXNativeTarget section */

/* Begin PBXProject section */
		F79A81391C7A40F80033BFBC /* Project object */ = {
			isa = PBXProject;
			attributes = {
				LastSwiftUpdateCheck = 0720;
				LastUpgradeCheck = 0720;
				ORGANIZATIONNAME = mobilehealthcareinc;
				TargetAttributes = {
					F79A81401C7A40F80033BFBC = {
						CreatedOnToolsVersion = 7.2.1;
						DevelopmentTeam = ZJE75568BW;
						SystemCapabilities = {
							com.apple.BackgroundModes = {
								enabled = 1;
							};
						};
					};
				};
			};
			buildConfigurationList = F79A813C1C7A40F80033BFBC /* Build configuration list for PBXProject "Actibetes" */;
			compatibilityVersion = "Xcode 3.2";
			developmentRegion = English;
			hasScannedForEncodings = 0;
			knownRegions = (
				en,
				Base,
			);
			mainGroup = F79A81381C7A40F80033BFBC;
			productRefGroup = F79A81421C7A40F80033BFBC /* Products */;
			projectDirPath = "";
			projectRoot = "";
			targets = (
				F79A81401C7A40F80033BFBC /* Actibetes */,
			);
		};
/* End PBXProject section */

/* Begin PBXResourcesBuildPhase section */
		F79A813F1C7A40F80033BFBC /* Resources */ = {
			isa = PBXResourcesBuildPhase;
			buildActionMask = 2147483647;
			files = (
				F79A814F1C7A40F80033BFBC /* LaunchScreen.storyboard in Resources */,
				F79A814C1C7A40F80033BFBC /* Assets.xcassets in Resources */,
				AFF873CF1C8F7DD80003BFAC /* Info.plist in Resources */,
				F79A814A1C7A40F80033BFBC /* Main.storyboard in Resources */,
			);
			runOnlyForDeploymentPostprocessing = 0;
		};
/* End PBXResourcesBuildPhase section */

/* Begin PBXShellScriptBuildPhase section */
		5451559473C2019F5FF6CCB0 /* Embed Pods Frameworks */ = {
			isa = PBXShellScriptBuildPhase;
			buildActionMask = 2147483647;
			files = (
			);
			inputPaths = (
			);
			name = "Embed Pods Frameworks";
			outputPaths = (
			);
			runOnlyForDeploymentPostprocessing = 0;
			shellPath = /bin/sh;
			shellScript = "\"${SRCROOT}/Pods/Target Support Files/Pods-Actibetes/Pods-Actibetes-frameworks.sh\"\n";
			showEnvVarsInLog = 0;
		};
		6976F5A5600F2F0D1EEA599D /* Copy Pods Resources */ = {
			isa = PBXShellScriptBuildPhase;
			buildActionMask = 2147483647;
			files = (
			);
			inputPaths = (
			);
			name = "Copy Pods Resources";
			outputPaths = (
			);
			runOnlyForDeploymentPostprocessing = 0;
			shellPath = /bin/sh;
			shellScript = "\"${SRCROOT}/Pods/Target Support Files/Pods-Actibetes/Pods-Actibetes-resources.sh\"\n";
			showEnvVarsInLog = 0;
		};
		C84B32BF744EF9EFD5F99792 /* Check Pods Manifest.lock */ = {
			isa = PBXShellScriptBuildPhase;
			buildActionMask = 2147483647;
			files = (
			);
			inputPaths = (
			);
			name = "Check Pods Manifest.lock";
			outputPaths = (
			);
			runOnlyForDeploymentPostprocessing = 0;
			shellPath = /bin/sh;
			shellScript = "diff \"${PODS_ROOT}/../Podfile.lock\" \"${PODS_ROOT}/Manifest.lock\" > /dev/null\nif [[ $? != 0 ]] ; then\n    cat << EOM\nerror: The sandbox is not in sync with the Podfile.lock. Run 'pod install' or update your CocoaPods installation.\nEOM\n    exit 1\nfi\n";
			showEnvVarsInLog = 0;
		};
/* End PBXShellScriptBuildPhase section */

/* Begin PBXSourcesBuildPhase section */
		F79A813D1C7A40F80033BFBC /* Sources */ = {
			isa = PBXSourcesBuildPhase;
			buildActionMask = 2147483647;
			files = (
				AF2DDAEF1C84F84400985A0F /* SWRevealViewController.m in Sources */,
				AF9B4AD01C865C1400A570B3 /* GoingForRunViewController.swift in Sources */,
				AF9B4AD81C8CD7AD00A570B3 /* CustomTableViewCell.swift in Sources */,
				F79A81451C7A40F80033BFBC /* AppDelegate.swift in Sources */,
				AF5985A61C91E0EB00307648 /* SOLocationManager.m in Sources */,
				AF5985AC1C9351AD00307648 /* METCalculator.swift in Sources */,
				F7AEF6B51C7A5D1900181DA6 /* LoginViewController.swift in Sources */,
				AF5985AE1C93590700307648 /* CalorieCalculator.swift in Sources */,
				AF5985B21C94A70700307648 /* MenuTableViewController.swift in Sources */,
				F7AEF6B21C7A5D1900181DA6 /* ActibetesEntry.swift in Sources */,
				F7AEF6B41C7A5D1900181DA6 /* HomeViewController.swift in Sources */,
				AF9B4AE31C8F463200A570B3 /* DashboardViewController.swift in Sources */,
				AFF873D11C8F7DD80003BFAC /* LMGaugeView-dummy.m in Sources */,
				AFF873CE1C8F7DD80003BFAC /* LMGaugeView.m in Sources */,
				AF9B4AD61C876ABA00A570B3 /* FirebaseDataService.swift in Sources */,
				F79823CE1C7B6F25004A41C5 /* ActibetesTableViewController.swift in Sources */,
				AF9B4ACE1C85E93D00A570B3 /* HistoryViewController.swift in Sources */,
				AF5985AA1C9333AD00307648 /* User.swift in Sources */,
				AF9B4AD41C876AA300A570B3 /* Constants.swift in Sources */,
				AF5985A81C91E0EB00307648 /* SOStepDetector.m in Sources */,
				AF5985A71C91E0EB00307648 /* SOMotionDetector.m in Sources */,
			);
			runOnlyForDeploymentPostprocessing = 0;
		};
/* End PBXSourcesBuildPhase section */

/* Begin PBXVariantGroup section */
		F79A81481C7A40F80033BFBC /* Main.storyboard */ = {
			isa = PBXVariantGroup;
			children = (
				F79A81491C7A40F80033BFBC /* Base */,
			);
			name = Main.storyboard;
			path = Actibetes;
			sourceTree = "<group>";
		};
		F79A814D1C7A40F80033BFBC /* LaunchScreen.storyboard */ = {
			isa = PBXVariantGroup;
			children = (
				F79A814E1C7A40F80033BFBC /* Base */,
			);
			name = LaunchScreen.storyboard;
			path = Actibetes;
			sourceTree = "<group>";
		};
/* End PBXVariantGroup section */

/* Begin XCBuildConfiguration section */
		F79A81511C7A40F80033BFBC /* Debug */ = {
			isa = XCBuildConfiguration;
			buildSettings = {
				ALWAYS_SEARCH_USER_PATHS = NO;
				CLANG_CXX_LANGUAGE_STANDARD = "gnu++0x";
				CLANG_CXX_LIBRARY = "libc++";
				CLANG_ENABLE_MODULES = YES;
				CLANG_ENABLE_OBJC_ARC = YES;
				CLANG_WARN_BOOL_CONVERSION = YES;
				CLANG_WARN_CONSTANT_CONVERSION = YES;
				CLANG_WARN_DIRECT_OBJC_ISA_USAGE = YES_ERROR;
				CLANG_WARN_EMPTY_BODY = YES;
				CLANG_WARN_ENUM_CONVERSION = YES;
				CLANG_WARN_INT_CONVERSION = YES;
				CLANG_WARN_OBJC_ROOT_CLASS = YES_ERROR;
				CLANG_WARN_UNREACHABLE_CODE = YES;
				CLANG_WARN__DUPLICATE_METHOD_MATCH = YES;
				"CODE_SIGN_IDENTITY[sdk=iphoneos*]" = "iPhone Developer";
				COPY_PHASE_STRIP = NO;
				DEBUG_INFORMATION_FORMAT = dwarf;
				ENABLE_STRICT_OBJC_MSGSEND = YES;
				ENABLE_TESTABILITY = YES;
				GCC_C_LANGUAGE_STANDARD = gnu99;
				GCC_DYNAMIC_NO_PIC = NO;
				GCC_NO_COMMON_BLOCKS = YES;
				GCC_OPTIMIZATION_LEVEL = 0;
				GCC_PREPROCESSOR_DEFINITIONS = (
					"DEBUG=1",
					"$(inherited)",
				);
				GCC_WARN_64_TO_32_BIT_CONVERSION = YES;
				GCC_WARN_ABOUT_RETURN_TYPE = YES_ERROR;
				GCC_WARN_UNDECLARED_SELECTOR = YES;
				GCC_WARN_UNINITIALIZED_AUTOS = YES_AGGRESSIVE;
				GCC_WARN_UNUSED_FUNCTION = YES;
				GCC_WARN_UNUSED_VARIABLE = YES;
				IPHONEOS_DEPLOYMENT_TARGET = 9.2;
				MTL_ENABLE_DEBUG_INFO = YES;
				ONLY_ACTIVE_ARCH = YES;
				SDKROOT = iphoneos;
				SWIFT_OPTIMIZATION_LEVEL = "-Onone";
				TARGETED_DEVICE_FAMILY = "1,2";
			};
			name = Debug;
		};
		F79A81521C7A40F80033BFBC /* Release */ = {
			isa = XCBuildConfiguration;
			buildSettings = {
				ALWAYS_SEARCH_USER_PATHS = NO;
				CLANG_CXX_LANGUAGE_STANDARD = "gnu++0x";
				CLANG_CXX_LIBRARY = "libc++";
				CLANG_ENABLE_MODULES = YES;
				CLANG_ENABLE_OBJC_ARC = YES;
				CLANG_WARN_BOOL_CONVERSION = YES;
				CLANG_WARN_CONSTANT_CONVERSION = YES;
				CLANG_WARN_DIRECT_OBJC_ISA_USAGE = YES_ERROR;
				CLANG_WARN_EMPTY_BODY = YES;
				CLANG_WARN_ENUM_CONVERSION = YES;
				CLANG_WARN_INT_CONVERSION = YES;
				CLANG_WARN_OBJC_ROOT_CLASS = YES_ERROR;
				CLANG_WARN_UNREACHABLE_CODE = YES;
				CLANG_WARN__DUPLICATE_METHOD_MATCH = YES;
				"CODE_SIGN_IDENTITY[sdk=iphoneos*]" = "iPhone Developer";
				COPY_PHASE_STRIP = NO;
				DEBUG_INFORMATION_FORMAT = "dwarf-with-dsym";
				ENABLE_NS_ASSERTIONS = NO;
				ENABLE_STRICT_OBJC_MSGSEND = YES;
				GCC_C_LANGUAGE_STANDARD = gnu99;
				GCC_NO_COMMON_BLOCKS = YES;
				GCC_WARN_64_TO_32_BIT_CONVERSION = YES;
				GCC_WARN_ABOUT_RETURN_TYPE = YES_ERROR;
				GCC_WARN_UNDECLARED_SELECTOR = YES;
				GCC_WARN_UNINITIALIZED_AUTOS = YES_AGGRESSIVE;
				GCC_WARN_UNUSED_FUNCTION = YES;
				GCC_WARN_UNUSED_VARIABLE = YES;
				IPHONEOS_DEPLOYMENT_TARGET = 9.2;
				MTL_ENABLE_DEBUG_INFO = NO;
				SDKROOT = iphoneos;
				TARGETED_DEVICE_FAMILY = "1,2";
				VALIDATE_PRODUCT = YES;
			};
			name = Release;
		};
		F79A81541C7A40F80033BFBC /* Debug */ = {
			isa = XCBuildConfiguration;
			baseConfigurationReference = 8856F7F001F04F7C6C0B39EC /* Pods-Actibetes.debug.xcconfig */;
			buildSettings = {
				ASSETCATALOG_COMPILER_APPICON_NAME = AppIcon;
				CLANG_ENABLE_MODULES = YES;
				CODE_SIGN_IDENTITY = "iPhone Developer";
				"CODE_SIGN_IDENTITY[sdk=iphoneos*]" = "iPhone Developer";
				FRAMEWORK_SEARCH_PATHS = "/Users/sarah-jessicajemitola/Documents/Telerik/**";
				HEADER_SEARCH_PATHS = "";
				INFOPLIST_FILE = Actibetes/Info.plist;
				IPHONEOS_DEPLOYMENT_TARGET = 9.2;
				LD_RUNPATH_SEARCH_PATHS = "$(inherited) @executable_path/Frameworks";
				PRODUCT_BUNDLE_IDENTIFIER = "com.-mobilehealthcareinc.Actibetes";
				PRODUCT_NAME = "$(TARGET_NAME)";
				PROVISIONING_PROFILE = "";
				SWIFT_OBJC_BRIDGING_HEADER = "Actibetes-Bridging-Header.h";
				SWIFT_OPTIMIZATION_LEVEL = "-Onone";
			};
			name = Debug;
		};
		F79A81551C7A40F80033BFBC /* Release */ = {
			isa = XCBuildConfiguration;
			baseConfigurationReference = C37964F01D6A9FD21E67171C /* Pods-Actibetes.release.xcconfig */;
			buildSettings = {
				ASSETCATALOG_COMPILER_APPICON_NAME = AppIcon;
				CLANG_ENABLE_MODULES = YES;
				CODE_SIGN_IDENTITY = "iPhone Developer";
				"CODE_SIGN_IDENTITY[sdk=iphoneos*]" = "iPhone Developer";
				FRAMEWORK_SEARCH_PATHS = "/Users/sarah-jessicajemitola/Documents/Telerik/**";
				HEADER_SEARCH_PATHS = "";
				INFOPLIST_FILE = Actibetes/Info.plist;
				IPHONEOS_DEPLOYMENT_TARGET = 9.2;
				LD_RUNPATH_SEARCH_PATHS = "$(inherited) @executable_path/Frameworks";
				PRODUCT_BUNDLE_IDENTIFIER = "com.-mobilehealthcareinc.Actibetes";
				PRODUCT_NAME = "$(TARGET_NAME)";
				PROVISIONING_PROFILE = "";
				SWIFT_OBJC_BRIDGING_HEADER = "Actibetes-Bridging-Header.h";
			};
			name = Release;
		};
/* End XCBuildConfiguration section */

/* Begin XCConfigurationList section */
		F79A813C1C7A40F80033BFBC /* Build configuration list for PBXProject "Actibetes" */ = {
			isa = XCConfigurationList;
			buildConfigurations = (
				F79A81511C7A40F80033BFBC /* Debug */,
				F79A81521C7A40F80033BFBC /* Release */,
			);
			defaultConfigurationIsVisible = 0;
			defaultConfigurationName = Release;
		};
		F79A81531C7A40F80033BFBC /* Build configuration list for PBXNativeTarget "Actibetes" */ = {
			isa = XCConfigurationList;
			buildConfigurations = (
				F79A81541C7A40F80033BFBC /* Debug */,
				F79A81551C7A40F80033BFBC /* Release */,
			);
			defaultConfigurationIsVisible = 0;
			defaultConfigurationName = Release;
		};
/* End XCConfigurationList section */
	};
	rootObject = F79A81391C7A40F80033BFBC /* Project object */;
}
